
Microsoft Visual Studio Solution File, Format Version 12.00
# Visual Studio Version 17
VisualStudioVersion = 17.14.36705.20
MinimumVisualStudioVersion = 10.0.40219.1
Project("{2150E333-8FDC-42A3-9474-1A3956D46DE8}") = "Api", "Api", "{02EA681E-C7D8-13C7-8484-4AC65E1B71E8}"
EndProject
Project("{2150E333-8FDC-42A3-9474-1A3956D46DE8}") = "Domain", "Domain", "{0B6778E2-3925-4404-8E3C-874B27D6658F}"
EndProject
Project("{2150E333-8FDC-42A3-9474-1A3956D46DE8}") = "Infrastructure", "Infrastructure", "{153E33E4-2CAF-4BCF-B6BE-89DF7989A4FE}"
EndProject
Project("{2150E333-8FDC-42A3-9474-1A3956D46DE8}") = "Services", "Services", "{CFFCE6E5-B653-47CD-A3E5-0CBA65AF9E81}"
EndProject
Project("{2150E333-8FDC-42A3-9474-1A3956D46DE8}") = "src", "src", "{7C43F5D8-8102-4225-B09D-1663C7FAF34D}"
EndProject
Project("{2150E333-8FDC-42A3-9474-1A3956D46DE8}") = "Dto", "Dto", "{9DB52C96-4106-4FAE-B1BD-AB027B39996D}"
EndProject
Project("{2150E333-8FDC-42A3-9474-1A3956D46DE8}") = "Tests", "Tests", "{DA7AA9FC-6D5E-401E-B622-9988AE4C33C5}"
EndProject
Project("{FAE04EC0-301F-11D3-BF4B-00C04F79EFBC}") = "Inventory.Api", "dotNetApiProBoilerplate.Api\Inventory.Api.csproj", "{8FE869DB-06B1-40A0-8BD9-5D3487A9EFB6}"
EndProject
Project("{FAE04EC0-301F-11D3-BF4B-00C04F79EFBC}") = "Inventory.Domain", "dotNetApiProBoilerplate.Domain\Inventory.Domain.csproj", "{2571B118-845E-4C8E-8EA9-2F527824D554}"
EndProject
Project("{FAE04EC0-301F-11D3-BF4B-00C04F79EFBC}") = "Inventory.Infrastructure", "dotNetApiProBoilerplate.Infrastructure\Inventory.Infrastructure.csproj", "{6EDC1690-EFC4-4110-88A3-1DC6D8729A8A}"
EndProject
Project("{FAE04EC0-301F-11D3-BF4B-00C04F79EFBC}") = "Inventory.Services", "dotNetApiProBoilerplate.Services\Inventory.Services.csproj", "{05EE20D0-8920-40D3-A606-ACE5DE3EE3B5}"
EndProject
Project("{FAE04EC0-301F-11D3-BF4B-00C04F79EFBC}") = "Inventory.Dto", "dotNetApiProBoilerplate.Dto\Inventory.Dto.csproj", "{6C7CE66E-04AD-4DFF-A274-FEEF24BA97A7}"
EndProject
Project("{FAE04EC0-301F-11D3-BF4B-00C04F79EFBC}") = "dotNetApiProBoilerplate.Api.Tests", "dotNetApiProBoilerplate.Api.Tests\dotNetApiProBoilerplate.Api.Tests.csproj", "{129E4341-AD26-4934-9D99-E124ED37794A}"
EndProject
Project("{FAE04EC0-301F-11D3-BF4B-00C04F79EFBC}") = "dotNetApiProBoilerplate.Services.Tests", "dotNetApiProBoilerplate.Services.Tests\dotNetApiProBoilerplate.Services.Tests.csproj", "{2FC2EB47-D724-492A-8191-FB1920DB8A8D}"
EndProject
Project("{2150E333-8FDC-42A3-9474-1A3956D46DE8}") = "Security", "Security", "{046CAACD-1F23-4F55-9123-59C0CDCD4634}"
EndProject
Project("{FAE04EC0-301F-11D3-BF4B-00C04F79EFBC}") = "Inventory.Security", "dotNetApiProBoilerplate.Security\Inventory.Security.csproj", "{AAC0377C-B9DA-4885-950E-E10186DCA727}"
EndProject
Project("{2150E333-8FDC-42A3-9474-1A3956D46DE8}") = "Ui", "Ui", "{73DC3062-0B90-4804-B4C2-C4824BF6AEAA}"
EndProject
Project("{FAE04EC0-301F-11D3-BF4B-00C04F79EFBC}") = "Inventory.Ui", "Inventory.Ui\Inventory.Ui.csproj", "{56D69955-1C1F-43D3-AE1A-7B833B807D04}"
EndProject
Project("{2150E333-8FDC-42A3-9474-1A3956D46DE8}") = "Local", "Local", "{E92CF1C1-6B92-43F8-8E21-F08008A8D185}"
EndProject
Project("{FAE04EC0-301F-11D3-BF4B-00C04F79EFBC}") = "Inventory.LocalDB", "Inventory.LocalDB\Inventory.LocalDB.csproj", "{018FADF3-3946-4849-AC41-26BA1D1044DF}"
EndProject
Global
	GlobalSection(SolutionConfigurationPlatforms) = preSolution
		Debug|Any CPU = Debug|Any CPU
		Release|Any CPU = Release|Any CPU
	EndGlobalSection
	GlobalSection(ProjectConfigurationPlatforms) = postSolution
		{8FE869DB-06B1-40A0-8BD9-5D3487A9EFB6}.Debug|Any CPU.ActiveCfg = Debug|Any CPU
		{8FE869DB-06B1-40A0-8BD9-5D3487A9EFB6}.Debug|Any CPU.Build.0 = Debug|Any CPU
		{8FE869DB-06B1-40A0-8BD9-5D3487A9EFB6}.Release|Any CPU.ActiveCfg = Release|Any CPU
		{8FE869DB-06B1-40A0-8BD9-5D3487A9EFB6}.Release|Any CPU.Build.0 = Release|Any CPU
		{2571B118-845E-4C8E-8EA9-2F527824D554}.Debug|Any CPU.ActiveCfg = Debug|Any CPU
		{2571B118-845E-4C8E-8EA9-2F527824D554}.Debug|Any CPU.Build.0 = Debug|Any CPU
		{2571B118-845E-4C8E-8EA9-2F527824D554}.Release|Any CPU.ActiveCfg = Release|Any CPU
		{2571B118-845E-4C8E-8EA9-2F527824D554}.Release|Any CPU.Build.0 = Release|Any CPU
		{6EDC1690-EFC4-4110-88A3-1DC6D8729A8A}.Debug|Any CPU.ActiveCfg = Debug|Any CPU
		{6EDC1690-EFC4-4110-88A3-1DC6D8729A8A}.Debug|Any CPU.Build.0 = Debug|Any CPU
		{6EDC1690-EFC4-4110-88A3-1DC6D8729A8A}.Release|Any CPU.ActiveCfg = Release|Any CPU
		{6EDC1690-EFC4-4110-88A3-1DC6D8729A8A}.Release|Any CPU.Build.0 = Release|Any CPU
		{05EE20D0-8920-40D3-A606-ACE5DE3EE3B5}.Debug|Any CPU.ActiveCfg = Debug|Any CPU
		{05EE20D0-8920-40D3-A606-ACE5DE3EE3B5}.Debug|Any CPU.Build.0 = Debug|Any CPU
		{05EE20D0-8920-40D3-A606-ACE5DE3EE3B5}.Release|Any CPU.ActiveCfg = Release|Any CPU
		{05EE20D0-8920-40D3-A606-ACE5DE3EE3B5}.Release|Any CPU.Build.0 = Release|Any CPU
		{6C7CE66E-04AD-4DFF-A274-FEEF24BA97A7}.Debug|Any CPU.ActiveCfg = Debug|Any CPU
		{6C7CE66E-04AD-4DFF-A274-FEEF24BA97A7}.Debug|Any CPU.Build.0 = Debug|Any CPU
		{6C7CE66E-04AD-4DFF-A274-FEEF24BA97A7}.Release|Any CPU.ActiveCfg = Release|Any CPU
		{6C7CE66E-04AD-4DFF-A274-FEEF24BA97A7}.Release|Any CPU.Build.0 = Release|Any CPU
		{129E4341-AD26-4934-9D99-E124ED37794A}.Debug|Any CPU.ActiveCfg = Debug|Any CPU
		{129E4341-AD26-4934-9D99-E124ED37794A}.Debug|Any CPU.Build.0 = Debug|Any CPU
		{129E4341-AD26-4934-9D99-E124ED37794A}.Release|Any CPU.ActiveCfg = Release|Any CPU
		{129E4341-AD26-4934-9D99-E124ED37794A}.Release|Any CPU.Build.0 = Release|Any CPU
		{2FC2EB47-D724-492A-8191-FB1920DB8A8D}.Debug|Any CPU.ActiveCfg = Debug|Any CPU
		{2FC2EB47-D724-492A-8191-FB1920DB8A8D}.Debug|Any CPU.Build.0 = Debug|Any CPU
		{2FC2EB47-D724-492A-8191-FB1920DB8A8D}.Release|Any CPU.ActiveCfg = Release|Any CPU
		{2FC2EB47-D724-492A-8191-FB1920DB8A8D}.Release|Any CPU.Build.0 = Release|Any CPU
		{AAC0377C-B9DA-4885-950E-E10186DCA727}.Debug|Any CPU.ActiveCfg = Debug|Any CPU
		{AAC0377C-B9DA-4885-950E-E10186DCA727}.Debug|Any CPU.Build.0 = Debug|Any CPU
		{AAC0377C-B9DA-4885-950E-E10186DCA727}.Release|Any CPU.ActiveCfg = Release|Any CPU
		{AAC0377C-B9DA-4885-950E-E10186DCA727}.Release|Any CPU.Build.0 = Release|Any CPU
		{56D69955-1C1F-43D3-AE1A-7B833B807D04}.Debug|Any CPU.ActiveCfg = Debug|Any CPU
		{56D69955-1C1F-43D3-AE1A-7B833B807D04}.Debug|Any CPU.Build.0 = Debug|Any CPU
		{56D69955-1C1F-43D3-AE1A-7B833B807D04}.Debug|Any CPU.Deploy.0 = Debug|Any CPU
		{56D69955-1C1F-43D3-AE1A-7B833B807D04}.Release|Any CPU.ActiveCfg = Release|Any CPU
		{56D69955-1C1F-43D3-AE1A-7B833B807D04}.Release|Any CPU.Build.0 = Release|Any CPU
		{018FADF3-3946-4849-AC41-26BA1D1044DF}.Debug|Any CPU.ActiveCfg = Debug|Any CPU
		{018FADF3-3946-4849-AC41-26BA1D1044DF}.Debug|Any CPU.Build.0 = Debug|Any CPU
		{018FADF3-3946-4849-AC41-26BA1D1044DF}.Release|Any CPU.ActiveCfg = Release|Any CPU
		{018FADF3-3946-4849-AC41-26BA1D1044DF}.Release|Any CPU.Build.0 = Release|Any CPU
	EndGlobalSection
	GlobalSection(SolutionProperties) = preSolution
		HideSolutionNode = FALSE
	EndGlobalSection
	GlobalSection(NestedProjects) = preSolution
		{02EA681E-C7D8-13C7-8484-4AC65E1B71E8} = {7C43F5D8-8102-4225-B09D-1663C7FAF34D}
		{0B6778E2-3925-4404-8E3C-874B27D6658F} = {7C43F5D8-8102-4225-B09D-1663C7FAF34D}
		{153E33E4-2CAF-4BCF-B6BE-89DF7989A4FE} = {7C43F5D8-8102-4225-B09D-1663C7FAF34D}
		{CFFCE6E5-B653-47CD-A3E5-0CBA65AF9E81} = {7C43F5D8-8102-4225-B09D-1663C7FAF34D}
		{9DB52C96-4106-4FAE-B1BD-AB027B39996D} = {7C43F5D8-8102-4225-B09D-1663C7FAF34D}
		{DA7AA9FC-6D5E-401E-B622-9988AE4C33C5} = {7C43F5D8-8102-4225-B09D-1663C7FAF34D}
		{8FE869DB-06B1-40A0-8BD9-5D3487A9EFB6} = {02EA681E-C7D8-13C7-8484-4AC65E1B71E8}
		{2571B118-845E-4C8E-8EA9-2F527824D554} = {0B6778E2-3925-4404-8E3C-874B27D6658F}
		{6EDC1690-EFC4-4110-88A3-1DC6D8729A8A} = {153E33E4-2CAF-4BCF-B6BE-89DF7989A4FE}
		{05EE20D0-8920-40D3-A606-ACE5DE3EE3B5} = {CFFCE6E5-B653-47CD-A3E5-0CBA65AF9E81}
		{6C7CE66E-04AD-4DFF-A274-FEEF24BA97A7} = {9DB52C96-4106-4FAE-B1BD-AB027B39996D}
		{129E4341-AD26-4934-9D99-E124ED37794A} = {DA7AA9FC-6D5E-401E-B622-9988AE4C33C5}
		{2FC2EB47-D724-492A-8191-FB1920DB8A8D} = {DA7AA9FC-6D5E-401E-B622-9988AE4C33C5}
		{046CAACD-1F23-4F55-9123-59C0CDCD4634} = {7C43F5D8-8102-4225-B09D-1663C7FAF34D}
		{AAC0377C-B9DA-4885-950E-E10186DCA727} = {046CAACD-1F23-4F55-9123-59C0CDCD4634}
		{73DC3062-0B90-4804-B4C2-C4824BF6AEAA} = {7C43F5D8-8102-4225-B09D-1663C7FAF34D}
		{56D69955-1C1F-43D3-AE1A-7B833B807D04} = {73DC3062-0B90-4804-B4C2-C4824BF6AEAA}
		{E92CF1C1-6B92-43F8-8E21-F08008A8D185} = {7C43F5D8-8102-4225-B09D-1663C7FAF34D}
		{018FADF3-3946-4849-AC41-26BA1D1044DF} = {E92CF1C1-6B92-43F8-8E21-F08008A8D185}
	EndGlobalSection
	GlobalSection(ExtensibilityGlobals) = postSolution
		SolutionGuid = {57C78B04-A535-44E6-BDF7-72A4BB23E897}
	EndGlobalSection
EndGlobal
